// !$*UTF8*$!
{
	archiveVersion = 1;
	classes = {
	};
	objectVersion = 46;
	objects = {

/* Begin PBXBuildFile section */
		008F07F31AC5B25A0029DE68 /* main.jsbundle in Resources */ = {isa = PBXBuildFile; fileRef = 008F07F21AC5B25A0029DE68 /* main.jsbundle */; };
		00C302E51ABCBA2D00DB3ED1 /* libRCTActionSheet.a in Frameworks */ = {isa = PBXBuildFile; fileRef = 00C302AC1ABCB8CE00DB3ED1 /* libRCTActionSheet.a */; };
		00C302E71ABCBA2D00DB3ED1 /* libRCTGeolocation.a in Frameworks */ = {isa = PBXBuildFile; fileRef = 00C302BA1ABCB90400DB3ED1 /* libRCTGeolocation.a */; };
		00C302E81ABCBA2D00DB3ED1 /* libRCTImage.a in Frameworks */ = {isa = PBXBuildFile; fileRef = 00C302C01ABCB91800DB3ED1 /* libRCTImage.a */; };
		00C302E91ABCBA2D00DB3ED1 /* libRCTNetwork.a in Frameworks */ = {isa = PBXBuildFile; fileRef = 00C302DC1ABCB9D200DB3ED1 /* libRCTNetwork.a */; };
		00C302EA1ABCBA2D00DB3ED1 /* libRCTVibration.a in Frameworks */ = {isa = PBXBuildFile; fileRef = 00C302E41ABCB9EE00DB3ED1 /* libRCTVibration.a */; };
		133E29F31AD74F7200F7D852 /* libRCTLinking.a in Frameworks */ = {isa = PBXBuildFile; fileRef = 78C398B91ACF4ADC00677621 /* libRCTLinking.a */; };
		139105C61AF99C1200B5F7CC /* libRCTSettings.a in Frameworks */ = {isa = PBXBuildFile; fileRef = 139105C11AF99BAD00B5F7CC /* libRCTSettings.a */; };
		139FDEF61B0652A700C62182 /* libRCTWebSocket.a in Frameworks */ = {isa = PBXBuildFile; fileRef = 139FDEF41B06529B00C62182 /* libRCTWebSocket.a */; };
		13B07FBC1A68108700A75B9A /* AppDelegate.m in Sources */ = {isa = PBXBuildFile; fileRef = 13B07FB01A68108700A75B9A /* AppDelegate.m */; };
		13B07FBD1A68108700A75B9A /* LaunchScreen.xib in Resources */ = {isa = PBXBuildFile; fileRef = 13B07FB11A68108700A75B9A /* LaunchScreen.xib */; };
		13B07FBF1A68108700A75B9A /* Images.xcassets in Resources */ = {isa = PBXBuildFile; fileRef = 13B07FB51A68108700A75B9A /* Images.xcassets */; };
		13B07FC11A68108700A75B9A /* main.m in Sources */ = {isa = PBXBuildFile; fileRef = 13B07FB71A68108700A75B9A /* main.m */; };
		146834051AC3E58100842450 /* libReact.a in Frameworks */ = {isa = PBXBuildFile; fileRef = 146834041AC3E56700842450 /* libReact.a */; };
		832341BD1AAA6AB300B99B32 /* libRCTText.a in Frameworks */ = {isa = PBXBuildFile; fileRef = 832341B51AAA6A8300B99B32 /* libRCTText.a */; };
		B10D26251C2C052D00822E30 /* dark_birds.png in Resources */ = {isa = PBXBuildFile; fileRef = B10D26211C2C052D00822E30 /* dark_birds.png */; };
		B10D26261C2C052D00822E30 /* dark_bonfire.png in Resources */ = {isa = PBXBuildFile; fileRef = B10D26221C2C052D00822E30 /* dark_bonfire.png */; };
		B10D26271C2C052D00822E30 /* light_birds.png in Resources */ = {isa = PBXBuildFile; fileRef = B10D26231C2C052D00822E30 /* light_birds.png */; };
		B10D26281C2C052D00822E30 /* light_bonfire.png in Resources */ = {isa = PBXBuildFile; fileRef = B10D26241C2C052D00822E30 /* light_bonfire.png */; };
		B1633BFA1BEFD137005FB931 /* Default-375w-667h@2x.png in Resources */ = {isa = PBXBuildFile; fileRef = B1633BF41BEFD137005FB931 /* Default-375w-667h@2x.png */; };
		B1633BFB1BEFD137005FB931 /* Default-414w-736h-Landscape@3x.png in Resources */ = {isa = PBXBuildFile; fileRef = B1633BF51BEFD137005FB931 /* Default-414w-736h-Landscape@3x.png */; };
		B1633BFC1BEFD137005FB931 /* Default-414w-736h@3x.png in Resources */ = {isa = PBXBuildFile; fileRef = B1633BF61BEFD137005FB931 /* Default-414w-736h@3x.png */; };
		B1633BFD1BEFD137005FB931 /* Default-568h@2x1.png in Resources */ = {isa = PBXBuildFile; fileRef = B1633BF71BEFD137005FB931 /* Default-568h@2x1.png */; };
		B1633BFE1BEFD137005FB931 /* Default.png in Resources */ = {isa = PBXBuildFile; fileRef = B1633BF81BEFD137005FB931 /* Default.png */; };
		B1633BFF1BEFD137005FB931 /* Default@2x.png in Resources */ = {isa = PBXBuildFile; fileRef = B1633BF91BEFD137005FB931 /* Default@2x.png */; };
		B1633C411BEFD176005FB931 /* dark_cafe.png in Resources */ = {isa = PBXBuildFile; fileRef = B1633C281BEFD176005FB931 /* dark_cafe.png */; };
		B1633C421BEFD176005FB931 /* dark_cat.png in Resources */ = {isa = PBXBuildFile; fileRef = B1633C291BEFD176005FB931 /* dark_cat.png */; };
		B1633C431BEFD176005FB931 /* dark_chimes.png in Resources */ = {isa = PBXBuildFile; fileRef = B1633C2A1BEFD176005FB931 /* dark_chimes.png */; };
		B1633C441BEFD176005FB931 /* dark_fan.png in Resources */ = {isa = PBXBuildFile; fileRef = B1633C2B1BEFD176005FB931 /* dark_fan.png */; };
		B1633C451BEFD176005FB931 /* dark_leaves.png in Resources */ = {isa = PBXBuildFile; fileRef = B1633C2C1BEFD176005FB931 /* dark_leaves.png */; };
		B1633C461BEFD176005FB931 /* dark_paris.png in Resources */ = {isa = PBXBuildFile; fileRef = B1633C2D1BEFD176005FB931 /* dark_paris.png */; };
		B1633C471BEFD176005FB931 /* dark_rain.png in Resources */ = {isa = PBXBuildFile; fileRef = B1633C2E1BEFD176005FB931 /* dark_rain.png */; };
		B1633C481BEFD176005FB931 /* dark_thunder.png in Resources */ = {isa = PBXBuildFile; fileRef = B1633C2F1BEFD176005FB931 /* dark_thunder.png */; };
		B1633C491BEFD176005FB931 /* dark_train.png in Resources */ = {isa = PBXBuildFile; fileRef = B1633C301BEFD176005FB931 /* dark_train.png */; };
		B1633C4A1BEFD176005FB931 /* dark_water.png in Resources */ = {isa = PBXBuildFile; fileRef = B1633C311BEFD176005FB931 /* dark_water.png */; };
		B1633C4B1BEFD176005FB931 /* dark_waves.png in Resources */ = {isa = PBXBuildFile; fileRef = B1633C321BEFD176005FB931 /* dark_waves.png */; };
		B1633C4C1BEFD176005FB931 /* dark_wind.png in Resources */ = {isa = PBXBuildFile; fileRef = B1633C331BEFD176005FB931 /* dark_wind.png */; };
		B1633C4D1BEFD176005FB931 /* kakapo.png in Resources */ = {isa = PBXBuildFile; fileRef = B1633C341BEFD176005FB931 /* kakapo.png */; };
		B1633C4E1BEFD176005FB931 /* light_cafe.png in Resources */ = {isa = PBXBuildFile; fileRef = B1633C351BEFD176005FB931 /* light_cafe.png */; };
		B1633C4F1BEFD176005FB931 /* light_cat.png in Resources */ = {isa = PBXBuildFile; fileRef = B1633C361BEFD176005FB931 /* light_cat.png */; };
		B1633C501BEFD176005FB931 /* light_chimes.png in Resources */ = {isa = PBXBuildFile; fileRef = B1633C371BEFD176005FB931 /* light_chimes.png */; };
		B1633C511BEFD176005FB931 /* light_fan.png in Resources */ = {isa = PBXBuildFile; fileRef = B1633C381BEFD176005FB931 /* light_fan.png */; };
		B1633C521BEFD176005FB931 /* light_leaves.png in Resources */ = {isa = PBXBuildFile; fileRef = B1633C391BEFD176005FB931 /* light_leaves.png */; };
		B1633C531BEFD176005FB931 /* light_paris.png in Resources */ = {isa = PBXBuildFile; fileRef = B1633C3A1BEFD176005FB931 /* light_paris.png */; };
		B1633C541BEFD176005FB931 /* light_rain.png in Resources */ = {isa = PBXBuildFile; fileRef = B1633C3B1BEFD176005FB931 /* light_rain.png */; };
		B1633C551BEFD176005FB931 /* light_thunder.png in Resources */ = {isa = PBXBuildFile; fileRef = B1633C3C1BEFD176005FB931 /* light_thunder.png */; };
		B1633C561BEFD176005FB931 /* light_train.png in Resources */ = {isa = PBXBuildFile; fileRef = B1633C3D1BEFD176005FB931 /* light_train.png */; };
		B1633C571BEFD176005FB931 /* light_water.png in Resources */ = {isa = PBXBuildFile; fileRef = B1633C3E1BEFD176005FB931 /* light_water.png */; };
		B1633C581BEFD176005FB931 /* light_waves.png in Resources */ = {isa = PBXBuildFile; fileRef = B1633C3F1BEFD176005FB931 /* light_waves.png */; };
		B1633C591BEFD176005FB931 /* light_wind.png in Resources */ = {isa = PBXBuildFile; fileRef = B1633C401BEFD176005FB931 /* light_wind.png */; };
		B181423D1C32197F00CBD385 /* birds.mp3 in Resources */ = {isa = PBXBuildFile; fileRef = B181422E1C32197F00CBD385 /* birds.mp3 */; };
		B181423E1C32197F00CBD385 /* bonfire.mp3 in Resources */ = {isa = PBXBuildFile; fileRef = B181422F1C32197F00CBD385 /* bonfire.mp3 */; };
		B181423F1C32197F00CBD385 /* cafe.mp3 in Resources */ = {isa = PBXBuildFile; fileRef = B18142301C32197F00CBD385 /* cafe.mp3 */; };
		B18142401C32197F00CBD385 /* cat_purr.mp3 in Resources */ = {isa = PBXBuildFile; fileRef = B18142311C32197F00CBD385 /* cat_purr.mp3 */; };
		B18142411C32197F00CBD385 /* chimes.mp3 in Resources */ = {isa = PBXBuildFile; fileRef = B18142321C32197F00CBD385 /* chimes.mp3 */; };
		B18142421C32197F00CBD385 /* fan.mp3 in Resources */ = {isa = PBXBuildFile; fileRef = B18142331C32197F00CBD385 /* fan.mp3 */; };
		B18142431C32197F00CBD385 /* leaves.mp3 in Resources */ = {isa = PBXBuildFile; fileRef = B18142341C32197F00CBD385 /* leaves.mp3 */; };
		B18142441C32197F00CBD385 /* paris_cafe.mp3 in Resources */ = {isa = PBXBuildFile; fileRef = B18142351C32197F00CBD385 /* paris_cafe.mp3 */; };
		B18142451C32197F00CBD385 /* paris_street_corner.mp3 in Resources */ = {isa = PBXBuildFile; fileRef = B18142361C32197F00CBD385 /* paris_street_corner.mp3 */; };
		B18142461C32197F00CBD385 /* rain.mp3 in Resources */ = {isa = PBXBuildFile; fileRef = B18142371C32197F00CBD385 /* rain.mp3 */; };
		B18142471C32197F00CBD385 /* stream.mp3 in Resources */ = {isa = PBXBuildFile; fileRef = B18142381C32197F00CBD385 /* stream.mp3 */; };
		B18142481C32197F00CBD385 /* thunder.mp3 in Resources */ = {isa = PBXBuildFile; fileRef = B18142391C32197F00CBD385 /* thunder.mp3 */; };
		B18142491C32197F00CBD385 /* train.mp3 in Resources */ = {isa = PBXBuildFile; fileRef = B181423A1C32197F00CBD385 /* train.mp3 */; };
		B181424A1C32197F00CBD385 /* waves.mp3 in Resources */ = {isa = PBXBuildFile; fileRef = B181423B1C32197F00CBD385 /* waves.mp3 */; };
		B181424B1C32197F00CBD385 /* wind.mp3 in Resources */ = {isa = PBXBuildFile; fileRef = B181423C1C32197F00CBD385 /* wind.mp3 */; };
		B1DB096B1BE79B9F007D292C /* libRCTMaterialKit.a in Frameworks */ = {isa = PBXBuildFile; fileRef = B1DB096A1BE79B8C007D292C /* libRCTMaterialKit.a */; };
		B1E52C091BDE4D1500F4D1AE /* sf-ui-display-black.ttf in Resources */ = {isa = PBXBuildFile; fileRef = B1E52BFA1BDE4D1500F4D1AE /* sf-ui-display-black.ttf */; };
		B1E52C0A1BDE4D1500F4D1AE /* sf-ui-display-bold.ttf in Resources */ = {isa = PBXBuildFile; fileRef = B1E52BFB1BDE4D1500F4D1AE /* sf-ui-display-bold.ttf */; };
		B1E52C0B1BDE4D1500F4D1AE /* sf-ui-display-heavy.ttf in Resources */ = {isa = PBXBuildFile; fileRef = B1E52BFC1BDE4D1500F4D1AE /* sf-ui-display-heavy.ttf */; };
		B1E52C0C1BDE4D1500F4D1AE /* sf-ui-display-light.ttf in Resources */ = {isa = PBXBuildFile; fileRef = B1E52BFD1BDE4D1500F4D1AE /* sf-ui-display-light.ttf */; };
		B1E52C0D1BDE4D1500F4D1AE /* sf-ui-display-medium.ttf in Resources */ = {isa = PBXBuildFile; fileRef = B1E52BFE1BDE4D1500F4D1AE /* sf-ui-display-medium.ttf */; };
		B1E52C0E1BDE4D1500F4D1AE /* sf-ui-display-regular.ttf in Resources */ = {isa = PBXBuildFile; fileRef = B1E52BFF1BDE4D1500F4D1AE /* sf-ui-display-regular.ttf */; };
		B1E52C0F1BDE4D1500F4D1AE /* sf-ui-display-semibold.ttf in Resources */ = {isa = PBXBuildFile; fileRef = B1E52C001BDE4D1500F4D1AE /* sf-ui-display-semibold.ttf */; };
		B1E52C101BDE4D1500F4D1AE /* sf-ui-display-thin.ttf in Resources */ = {isa = PBXBuildFile; fileRef = B1E52C011BDE4D1500F4D1AE /* sf-ui-display-thin.ttf */; };
		B1E52C111BDE4D1500F4D1AE /* sf-ui-display-ultralight.ttf in Resources */ = {isa = PBXBuildFile; fileRef = B1E52C021BDE4D1500F4D1AE /* sf-ui-display-ultralight.ttf */; };
		B1E52C121BDE4D1500F4D1AE /* sf-ui-text-bold.ttf in Resources */ = {isa = PBXBuildFile; fileRef = B1E52C031BDE4D1500F4D1AE /* sf-ui-text-bold.ttf */; };
		B1E52C131BDE4D1500F4D1AE /* sf-ui-text-heavy.ttf in Resources */ = {isa = PBXBuildFile; fileRef = B1E52C041BDE4D1500F4D1AE /* sf-ui-text-heavy.ttf */; };
		B1E52C141BDE4D1500F4D1AE /* sf-ui-text-light.ttf in Resources */ = {isa = PBXBuildFile; fileRef = B1E52C051BDE4D1500F4D1AE /* sf-ui-text-light.ttf */; };
		B1E52C151BDE4D1500F4D1AE /* sf-ui-text-medium.ttf in Resources */ = {isa = PBXBuildFile; fileRef = B1E52C061BDE4D1500F4D1AE /* sf-ui-text-medium.ttf */; };
		B1E52C161BDE4D1500F4D1AE /* sf-ui-text-regular.ttf in Resources */ = {isa = PBXBuildFile; fileRef = B1E52C071BDE4D1500F4D1AE /* sf-ui-text-regular.ttf */; };
		B1E52C171BDE4D1500F4D1AE /* sf-ui-text-semibold.ttf in Resources */ = {isa = PBXBuildFile; fileRef = B1E52C081BDE4D1500F4D1AE /* sf-ui-text-semibold.ttf */; };
		B1E52C1B1BDE4FFB00F4D1AE /* AudioModule.m in Sources */ = {isa = PBXBuildFile; fileRef = B1E52C191BDE4FFB00F4D1AE /* AudioModule.m */; };
		B1E52C1C1BDE4FFB00F4D1AE /* AudioModule.swift in Sources */ = {isa = PBXBuildFile; fileRef = B1E52C1A1BDE4FFB00F4D1AE /* AudioModule.swift */; };
		B1E52C7E1BDE58E200F4D1AE /* libReactNativeIcons.a in Frameworks */ = {isa = PBXBuildFile; fileRef = B1E52C7D1BDE58B000F4D1AE /* libReactNativeIcons.a */; };
		B1E52C801BDE592C00F4D1AE /* Material-Design-Iconic-Font.ttf in Resources */ = {isa = PBXBuildFile; fileRef = B1E52C7F1BDE592C00F4D1AE /* Material-Design-Iconic-Font.ttf */; };
		B1E52C831BDE59B400F4D1AE /* KDSocialShare.m in Sources */ = {isa = PBXBuildFile; fileRef = B1E52C821BDE59B400F4D1AE /* KDSocialShare.m */; };
		B1E52C851BDE59CD00F4D1AE /* Social.framework in Frameworks */ = {isa = PBXBuildFile; fileRef = B1E52C841BDE59CD00F4D1AE /* Social.framework */; };
/* End PBXBuildFile section */

/* Begin PBXContainerItemProxy section */
		00C302AB1ABCB8CE00DB3ED1 /* PBXContainerItemProxy */ = {
			isa = PBXContainerItemProxy;
			containerPortal = 00C302A71ABCB8CE00DB3ED1 /* RCTActionSheet.xcodeproj */;
			proxyType = 2;
			remoteGlobalIDString = 134814201AA4EA6300B7C361;
			remoteInfo = RCTActionSheet;
		};
		00C302B91ABCB90400DB3ED1 /* PBXContainerItemProxy */ = {
			isa = PBXContainerItemProxy;
			containerPortal = 00C302B51ABCB90400DB3ED1 /* RCTGeolocation.xcodeproj */;
			proxyType = 2;
			remoteGlobalIDString = 134814201AA4EA6300B7C361;
			remoteInfo = RCTGeolocation;
		};
		00C302BF1ABCB91800DB3ED1 /* PBXContainerItemProxy */ = {
			isa = PBXContainerItemProxy;
			containerPortal = 00C302BB1ABCB91800DB3ED1 /* RCTImage.xcodeproj */;
			proxyType = 2;
			remoteGlobalIDString = 58B5115D1A9E6B3D00147676;
			remoteInfo = RCTImage;
		};
		00C302DB1ABCB9D200DB3ED1 /* PBXContainerItemProxy */ = {
			isa = PBXContainerItemProxy;
			containerPortal = 00C302D31ABCB9D200DB3ED1 /* RCTNetwork.xcodeproj */;
			proxyType = 2;
			remoteGlobalIDString = 58B511DB1A9E6C8500147676;
			remoteInfo = RCTNetwork;
		};
		00C302E31ABCB9EE00DB3ED1 /* PBXContainerItemProxy */ = {
			isa = PBXContainerItemProxy;
			containerPortal = 00C302DF1ABCB9EE00DB3ED1 /* RCTVibration.xcodeproj */;
			proxyType = 2;
			remoteGlobalIDString = 832C81801AAF6DEF007FA2F7;
			remoteInfo = RCTVibration;
		};
		139105C01AF99BAD00B5F7CC /* PBXContainerItemProxy */ = {
			isa = PBXContainerItemProxy;
			containerPortal = 139105B61AF99BAD00B5F7CC /* RCTSettings.xcodeproj */;
			proxyType = 2;
			remoteGlobalIDString = 134814201AA4EA6300B7C361;
			remoteInfo = RCTSettings;
		};
		139FDEF31B06529B00C62182 /* PBXContainerItemProxy */ = {
			isa = PBXContainerItemProxy;
			containerPortal = 139FDEE61B06529A00C62182 /* RCTWebSocket.xcodeproj */;
			proxyType = 2;
			remoteGlobalIDString = 3C86DF461ADF2C930047B81A;
			remoteInfo = RCTWebSocket;
		};
		146834031AC3E56700842450 /* PBXContainerItemProxy */ = {
			isa = PBXContainerItemProxy;
			containerPortal = 146833FF1AC3E56700842450 /* React.xcodeproj */;
			proxyType = 2;
			remoteGlobalIDString = 83CBBA2E1A601D0E00E9B192;
			remoteInfo = React;
		};
		78C398B81ACF4ADC00677621 /* PBXContainerItemProxy */ = {
			isa = PBXContainerItemProxy;
			containerPortal = 78C398B01ACF4ADC00677621 /* RCTLinking.xcodeproj */;
			proxyType = 2;
			remoteGlobalIDString = 134814201AA4EA6300B7C361;
			remoteInfo = RCTLinking;
		};
		832341B41AAA6A8300B99B32 /* PBXContainerItemProxy */ = {
			isa = PBXContainerItemProxy;
			containerPortal = 832341B01AAA6A8300B99B32 /* RCTText.xcodeproj */;
			proxyType = 2;
			remoteGlobalIDString = 58B5119B1A9E6C1200147676;
			remoteInfo = RCTText;
		};
		B1DB09691BE79B8C007D292C /* PBXContainerItemProxy */ = {
			isa = PBXContainerItemProxy;
			containerPortal = B1DB09651BE79B8C007D292C /* RCTMaterialKit.xcodeproj */;
			proxyType = 2;
			remoteGlobalIDString = 8A1B8E771B22E4E300DB45C2;
			remoteInfo = RCTMaterialKit;
		};
		B1E52C7C1BDE58B000F4D1AE /* PBXContainerItemProxy */ = {
			isa = PBXContainerItemProxy;
			containerPortal = B1E52C781BDE58B000F4D1AE /* ReactNativeIcons.xcodeproj */;
			proxyType = 2;
			remoteGlobalIDString = 2F5A3EB81ACDBF8000439386;
			remoteInfo = ReactNativeIcons;
		};
/* End PBXContainerItemProxy section */

/* Begin PBXFileReference section */
		008F07F21AC5B25A0029DE68 /* main.jsbundle */ = {isa = PBXFileReference; fileEncoding = 4; lastKnownFileType = text; path = main.jsbundle; sourceTree = "<group>"; };
		00C302A71ABCB8CE00DB3ED1 /* RCTActionSheet.xcodeproj */ = {isa = PBXFileReference; lastKnownFileType = "wrapper.pb-project"; name = RCTActionSheet.xcodeproj; path = "../node_modules/react-native/Libraries/ActionSheetIOS/RCTActionSheet.xcodeproj"; sourceTree = "<group>"; };
		00C302B51ABCB90400DB3ED1 /* RCTGeolocation.xcodeproj */ = {isa = PBXFileReference; lastKnownFileType = "wrapper.pb-project"; name = RCTGeolocation.xcodeproj; path = "../node_modules/react-native/Libraries/Geolocation/RCTGeolocation.xcodeproj"; sourceTree = "<group>"; };
		00C302BB1ABCB91800DB3ED1 /* RCTImage.xcodeproj */ = {isa = PBXFileReference; lastKnownFileType = "wrapper.pb-project"; name = RCTImage.xcodeproj; path = "../node_modules/react-native/Libraries/Image/RCTImage.xcodeproj"; sourceTree = "<group>"; };
		00C302D31ABCB9D200DB3ED1 /* RCTNetwork.xcodeproj */ = {isa = PBXFileReference; lastKnownFileType = "wrapper.pb-project"; name = RCTNetwork.xcodeproj; path = "../node_modules/react-native/Libraries/Network/RCTNetwork.xcodeproj"; sourceTree = "<group>"; };
		00C302DF1ABCB9EE00DB3ED1 /* RCTVibration.xcodeproj */ = {isa = PBXFileReference; lastKnownFileType = "wrapper.pb-project"; name = RCTVibration.xcodeproj; path = "../node_modules/react-native/Libraries/Vibration/RCTVibration.xcodeproj"; sourceTree = "<group>"; };
		139105B61AF99BAD00B5F7CC /* RCTSettings.xcodeproj */ = {isa = PBXFileReference; lastKnownFileType = "wrapper.pb-project"; name = RCTSettings.xcodeproj; path = "../node_modules/react-native/Libraries/Settings/RCTSettings.xcodeproj"; sourceTree = "<group>"; };
		139FDEE61B06529A00C62182 /* RCTWebSocket.xcodeproj */ = {isa = PBXFileReference; lastKnownFileType = "wrapper.pb-project"; name = RCTWebSocket.xcodeproj; path = "../node_modules/react-native/Libraries/WebSocket/RCTWebSocket.xcodeproj"; sourceTree = "<group>"; };
		13B07F961A680F5B00A75B9A /* KakapoNative.app */ = {isa = PBXFileReference; explicitFileType = wrapper.application; includeInIndex = 0; path = KakapoNative.app; sourceTree = BUILT_PRODUCTS_DIR; };
		13B07FAF1A68108700A75B9A /* AppDelegate.h */ = {isa = PBXFileReference; fileEncoding = 4; lastKnownFileType = sourcecode.c.h; name = AppDelegate.h; path = KakapoNative/AppDelegate.h; sourceTree = "<group>"; };
		13B07FB01A68108700A75B9A /* AppDelegate.m */ = {isa = PBXFileReference; fileEncoding = 4; lastKnownFileType = sourcecode.c.objc; name = AppDelegate.m; path = KakapoNative/AppDelegate.m; sourceTree = "<group>"; };
		13B07FB21A68108700A75B9A /* Base */ = {isa = PBXFileReference; lastKnownFileType = file.xib; name = Base; path = Base.lproj/LaunchScreen.xib; sourceTree = "<group>"; };
		13B07FB51A68108700A75B9A /* Images.xcassets */ = {isa = PBXFileReference; lastKnownFileType = folder.assetcatalog; name = Images.xcassets; path = KakapoNative/Images.xcassets; sourceTree = "<group>"; };
		13B07FB61A68108700A75B9A /* Info.plist */ = {isa = PBXFileReference; fileEncoding = 4; lastKnownFileType = text.plist.xml; name = Info.plist; path = KakapoNative/Info.plist; sourceTree = "<group>"; };
		13B07FB71A68108700A75B9A /* main.m */ = {isa = PBXFileReference; fileEncoding = 4; lastKnownFileType = sourcecode.c.objc; name = main.m; path = KakapoNative/main.m; sourceTree = "<group>"; };
		146833FF1AC3E56700842450 /* React.xcodeproj */ = {isa = PBXFileReference; lastKnownFileType = "wrapper.pb-project"; name = React.xcodeproj; path = "../node_modules/react-native/React/React.xcodeproj"; sourceTree = "<group>"; };
		78C398B01ACF4ADC00677621 /* RCTLinking.xcodeproj */ = {isa = PBXFileReference; lastKnownFileType = "wrapper.pb-project"; name = RCTLinking.xcodeproj; path = "../node_modules/react-native/Libraries/LinkingIOS/RCTLinking.xcodeproj"; sourceTree = "<group>"; };
		832341B01AAA6A8300B99B32 /* RCTText.xcodeproj */ = {isa = PBXFileReference; lastKnownFileType = "wrapper.pb-project"; name = RCTText.xcodeproj; path = "../node_modules/react-native/Libraries/Text/RCTText.xcodeproj"; sourceTree = "<group>"; };
		B10D26211C2C052D00822E30 /* dark_birds.png */ = {isa = PBXFileReference; lastKnownFileType = image.png; name = dark_birds.png; path = "../node_modules/kakapo-assets/images/dark_birds.png"; sourceTree = "<group>"; };
		B10D26221C2C052D00822E30 /* dark_bonfire.png */ = {isa = PBXFileReference; lastKnownFileType = image.png; name = dark_bonfire.png; path = "../node_modules/kakapo-assets/images/dark_bonfire.png"; sourceTree = "<group>"; };
		B10D26231C2C052D00822E30 /* light_birds.png */ = {isa = PBXFileReference; lastKnownFileType = image.png; name = light_birds.png; path = "../node_modules/kakapo-assets/images/light_birds.png"; sourceTree = "<group>"; };
		B10D26241C2C052D00822E30 /* light_bonfire.png */ = {isa = PBXFileReference; lastKnownFileType = image.png; name = light_bonfire.png; path = "../node_modules/kakapo-assets/images/light_bonfire.png"; sourceTree = "<group>"; };
		B1633BF41BEFD137005FB931 /* Default-375w-667h@2x.png */ = {isa = PBXFileReference; lastKnownFileType = image.png; name = "Default-375w-667h@2x.png"; path = "../node_modules/kakapo-assets/images/LaunchImages-assets/Default-375w-667h@2x.png"; sourceTree = "<group>"; };
		B1633BF51BEFD137005FB931 /* Default-414w-736h-Landscape@3x.png */ = {isa = PBXFileReference; lastKnownFileType = image.png; name = "Default-414w-736h-Landscape@3x.png"; path = "../node_modules/kakapo-assets/images/LaunchImages-assets/Default-414w-736h-Landscape@3x.png"; sourceTree = "<group>"; };
		B1633BF61BEFD137005FB931 /* Default-414w-736h@3x.png */ = {isa = PBXFileReference; lastKnownFileType = image.png; name = "Default-414w-736h@3x.png"; path = "../node_modules/kakapo-assets/images/LaunchImages-assets/Default-414w-736h@3x.png"; sourceTree = "<group>"; };
		B1633BF71BEFD137005FB931 /* Default-568h@2x1.png */ = {isa = PBXFileReference; lastKnownFileType = image.png; name = "Default-568h@2x1.png"; path = "../node_modules/kakapo-assets/images/LaunchImages-assets/Default-568h@2x1.png"; sourceTree = "<group>"; };
		B1633BF81BEFD137005FB931 /* Default.png */ = {isa = PBXFileReference; lastKnownFileType = image.png; name = Default.png; path = "../node_modules/kakapo-assets/images/LaunchImages-assets/Default.png"; sourceTree = "<group>"; };
		B1633BF91BEFD137005FB931 /* Default@2x.png */ = {isa = PBXFileReference; lastKnownFileType = image.png; name = "Default@2x.png"; path = "../node_modules/kakapo-assets/images/LaunchImages-assets/Default@2x.png"; sourceTree = "<group>"; };
		B1633C281BEFD176005FB931 /* dark_cafe.png */ = {isa = PBXFileReference; lastKnownFileType = image.png; name = dark_cafe.png; path = "../node_modules/kakapo-assets/images/dark_cafe.png"; sourceTree = "<group>"; };
		B1633C291BEFD176005FB931 /* dark_cat.png */ = {isa = PBXFileReference; lastKnownFileType = image.png; name = dark_cat.png; path = "../node_modules/kakapo-assets/images/dark_cat.png"; sourceTree = "<group>"; };
		B1633C2A1BEFD176005FB931 /* dark_chimes.png */ = {isa = PBXFileReference; lastKnownFileType = image.png; name = dark_chimes.png; path = "../node_modules/kakapo-assets/images/dark_chimes.png"; sourceTree = "<group>"; };
		B1633C2B1BEFD176005FB931 /* dark_fan.png */ = {isa = PBXFileReference; lastKnownFileType = image.png; name = dark_fan.png; path = "../node_modules/kakapo-assets/images/dark_fan.png"; sourceTree = "<group>"; };
		B1633C2C1BEFD176005FB931 /* dark_leaves.png */ = {isa = PBXFileReference; lastKnownFileType = image.png; name = dark_leaves.png; path = "../node_modules/kakapo-assets/images/dark_leaves.png"; sourceTree = "<group>"; };
		B1633C2D1BEFD176005FB931 /* dark_paris.png */ = {isa = PBXFileReference; lastKnownFileType = image.png; name = dark_paris.png; path = "../node_modules/kakapo-assets/images/dark_paris.png"; sourceTree = "<group>"; };
		B1633C2E1BEFD176005FB931 /* dark_rain.png */ = {isa = PBXFileReference; lastKnownFileType = image.png; name = dark_rain.png; path = "../node_modules/kakapo-assets/images/dark_rain.png"; sourceTree = "<group>"; };
		B1633C2F1BEFD176005FB931 /* dark_thunder.png */ = {isa = PBXFileReference; lastKnownFileType = image.png; name = dark_thunder.png; path = "../node_modules/kakapo-assets/images/dark_thunder.png"; sourceTree = "<group>"; };
		B1633C301BEFD176005FB931 /* dark_train.png */ = {isa = PBXFileReference; lastKnownFileType = image.png; name = dark_train.png; path = "../node_modules/kakapo-assets/images/dark_train.png"; sourceTree = "<group>"; };
		B1633C311BEFD176005FB931 /* dark_water.png */ = {isa = PBXFileReference; lastKnownFileType = image.png; name = dark_water.png; path = "../node_modules/kakapo-assets/images/dark_water.png"; sourceTree = "<group>"; };
		B1633C321BEFD176005FB931 /* dark_waves.png */ = {isa = PBXFileReference; lastKnownFileType = image.png; name = dark_waves.png; path = "../node_modules/kakapo-assets/images/dark_waves.png"; sourceTree = "<group>"; };
		B1633C331BEFD176005FB931 /* dark_wind.png */ = {isa = PBXFileReference; lastKnownFileType = image.png; name = dark_wind.png; path = "../node_modules/kakapo-assets/images/dark_wind.png"; sourceTree = "<group>"; };
		B1633C341BEFD176005FB931 /* kakapo.png */ = {isa = PBXFileReference; lastKnownFileType = image.png; name = kakapo.png; path = "../node_modules/kakapo-assets/images/kakapo.png"; sourceTree = "<group>"; };
		B1633C351BEFD176005FB931 /* light_cafe.png */ = {isa = PBXFileReference; lastKnownFileType = image.png; name = light_cafe.png; path = "../node_modules/kakapo-assets/images/light_cafe.png"; sourceTree = "<group>"; };
		B1633C361BEFD176005FB931 /* light_cat.png */ = {isa = PBXFileReference; lastKnownFileType = image.png; name = light_cat.png; path = "../node_modules/kakapo-assets/images/light_cat.png"; sourceTree = "<group>"; };
		B1633C371BEFD176005FB931 /* light_chimes.png */ = {isa = PBXFileReference; lastKnownFileType = image.png; name = light_chimes.png; path = "../node_modules/kakapo-assets/images/light_chimes.png"; sourceTree = "<group>"; };
		B1633C381BEFD176005FB931 /* light_fan.png */ = {isa = PBXFileReference; lastKnownFileType = image.png; name = light_fan.png; path = "../node_modules/kakapo-assets/images/light_fan.png"; sourceTree = "<group>"; };
		B1633C391BEFD176005FB931 /* light_leaves.png */ = {isa = PBXFileReference; lastKnownFileType = image.png; name = light_leaves.png; path = "../node_modules/kakapo-assets/images/light_leaves.png"; sourceTree = "<group>"; };
		B1633C3A1BEFD176005FB931 /* light_paris.png */ = {isa = PBXFileReference; lastKnownFileType = image.png; name = light_paris.png; path = "../node_modules/kakapo-assets/images/light_paris.png"; sourceTree = "<group>"; };
		B1633C3B1BEFD176005FB931 /* light_rain.png */ = {isa = PBXFileReference; lastKnownFileType = image.png; name = light_rain.png; path = "../node_modules/kakapo-assets/images/light_rain.png"; sourceTree = "<group>"; };
		B1633C3C1BEFD176005FB931 /* light_thunder.png */ = {isa = PBXFileReference; lastKnownFileType = image.png; name = light_thunder.png; path = "../node_modules/kakapo-assets/images/light_thunder.png"; sourceTree = "<group>"; };
		B1633C3D1BEFD176005FB931 /* light_train.png */ = {isa = PBXFileReference; lastKnownFileType = image.png; name = light_train.png; path = "../node_modules/kakapo-assets/images/light_train.png"; sourceTree = "<group>"; };
		B1633C3E1BEFD176005FB931 /* light_water.png */ = {isa = PBXFileReference; lastKnownFileType = image.png; name = light_water.png; path = "../node_modules/kakapo-assets/images/light_water.png"; sourceTree = "<group>"; };
		B1633C3F1BEFD176005FB931 /* light_waves.png */ = {isa = PBXFileReference; lastKnownFileType = image.png; name = light_waves.png; path = "../node_modules/kakapo-assets/images/light_waves.png"; sourceTree = "<group>"; };
		B1633C401BEFD176005FB931 /* light_wind.png */ = {isa = PBXFileReference; lastKnownFileType = image.png; name = light_wind.png; path = "../node_modules/kakapo-assets/images/light_wind.png"; sourceTree = "<group>"; };
		B181422E1C32197F00CBD385 /* birds.mp3 */ = {isa = PBXFileReference; lastKnownFileType = audio.mp3; name = birds.mp3; path = "../node_modules/kakapo-assets/sounds/birds.mp3"; sourceTree = "<group>"; };
		B181422F1C32197F00CBD385 /* bonfire.mp3 */ = {isa = PBXFileReference; lastKnownFileType = audio.mp3; name = bonfire.mp3; path = "../node_modules/kakapo-assets/sounds/bonfire.mp3"; sourceTree = "<group>"; };
		B18142301C32197F00CBD385 /* cafe.mp3 */ = {isa = PBXFileReference; lastKnownFileType = audio.mp3; name = cafe.mp3; path = "../node_modules/kakapo-assets/sounds/cafe.mp3"; sourceTree = "<group>"; };
		B18142311C32197F00CBD385 /* cat_purr.mp3 */ = {isa = PBXFileReference; lastKnownFileType = audio.mp3; name = cat_purr.mp3; path = "../node_modules/kakapo-assets/sounds/cat_purr.mp3"; sourceTree = "<group>"; };
		B18142321C32197F00CBD385 /* chimes.mp3 */ = {isa = PBXFileReference; lastKnownFileType = audio.mp3; name = chimes.mp3; path = "../node_modules/kakapo-assets/sounds/chimes.mp3"; sourceTree = "<group>"; };
		B18142331C32197F00CBD385 /* fan.mp3 */ = {isa = PBXFileReference; lastKnownFileType = audio.mp3; name = fan.mp3; path = "../node_modules/kakapo-assets/sounds/fan.mp3"; sourceTree = "<group>"; };
		B18142341C32197F00CBD385 /* leaves.mp3 */ = {isa = PBXFileReference; lastKnownFileType = audio.mp3; name = leaves.mp3; path = "../node_modules/kakapo-assets/sounds/leaves.mp3"; sourceTree = "<group>"; };
		B18142351C32197F00CBD385 /* paris_cafe.mp3 */ = {isa = PBXFileReference; lastKnownFileType = audio.mp3; name = paris_cafe.mp3; path = "../node_modules/kakapo-assets/sounds/paris_cafe.mp3"; sourceTree = "<group>"; };
		B18142361C32197F00CBD385 /* paris_street_corner.mp3 */ = {isa = PBXFileReference; lastKnownFileType = audio.mp3; name = paris_street_corner.mp3; path = "../node_modules/kakapo-assets/sounds/paris_street_corner.mp3"; sourceTree = "<group>"; };
		B18142371C32197F00CBD385 /* rain.mp3 */ = {isa = PBXFileReference; lastKnownFileType = audio.mp3; name = rain.mp3; path = "../node_modules/kakapo-assets/sounds/rain.mp3"; sourceTree = "<group>"; };
		B18142381C32197F00CBD385 /* stream.mp3 */ = {isa = PBXFileReference; lastKnownFileType = audio.mp3; name = stream.mp3; path = "../node_modules/kakapo-assets/sounds/stream.mp3"; sourceTree = "<group>"; };
		B18142391C32197F00CBD385 /* thunder.mp3 */ = {isa = PBXFileReference; lastKnownFileType = audio.mp3; name = thunder.mp3; path = "../node_modules/kakapo-assets/sounds/thunder.mp3"; sourceTree = "<group>"; };
		B181423A1C32197F00CBD385 /* train.mp3 */ = {isa = PBXFileReference; lastKnownFileType = audio.mp3; name = train.mp3; path = "../node_modules/kakapo-assets/sounds/train.mp3"; sourceTree = "<group>"; };
		B181423B1C32197F00CBD385 /* waves.mp3 */ = {isa = PBXFileReference; lastKnownFileType = audio.mp3; name = waves.mp3; path = "../node_modules/kakapo-assets/sounds/waves.mp3"; sourceTree = "<group>"; };
		B181423C1C32197F00CBD385 /* wind.mp3 */ = {isa = PBXFileReference; lastKnownFileType = audio.mp3; name = wind.mp3; path = "../node_modules/kakapo-assets/sounds/wind.mp3"; sourceTree = "<group>"; };
		B1DB09651BE79B8C007D292C /* RCTMaterialKit.xcodeproj */ = {isa = PBXFileReference; lastKnownFileType = "wrapper.pb-project"; name = RCTMaterialKit.xcodeproj; path = "../node_modules/react-native-material-kit/iOS/RCTMaterialKit.xcodeproj"; sourceTree = "<group>"; };
		B1E52BFA1BDE4D1500F4D1AE /* sf-ui-display-black.ttf */ = {isa = PBXFileReference; lastKnownFileType = file; name = "sf-ui-display-black.ttf"; path = "../src/fonts/sf-ui/sf-ui-display-black.ttf"; sourceTree = "<group>"; };
		B1E52BFB1BDE4D1500F4D1AE /* sf-ui-display-bold.ttf */ = {isa = PBXFileReference; lastKnownFileType = file; name = "sf-ui-display-bold.ttf"; path = "../src/fonts/sf-ui/sf-ui-display-bold.ttf"; sourceTree = "<group>"; };
		B1E52BFC1BDE4D1500F4D1AE /* sf-ui-display-heavy.ttf */ = {isa = PBXFileReference; lastKnownFileType = file; name = "sf-ui-display-heavy.ttf"; path = "../src/fonts/sf-ui/sf-ui-display-heavy.ttf"; sourceTree = "<group>"; };
		B1E52BFD1BDE4D1500F4D1AE /* sf-ui-display-light.ttf */ = {isa = PBXFileReference; lastKnownFileType = file; name = "sf-ui-display-light.ttf"; path = "../src/fonts/sf-ui/sf-ui-display-light.ttf"; sourceTree = "<group>"; };
		B1E52BFE1BDE4D1500F4D1AE /* sf-ui-display-medium.ttf */ = {isa = PBXFileReference; lastKnownFileType = file; name = "sf-ui-display-medium.ttf"; path = "../src/fonts/sf-ui/sf-ui-display-medium.ttf"; sourceTree = "<group>"; };
		B1E52BFF1BDE4D1500F4D1AE /* sf-ui-display-regular.ttf */ = {isa = PBXFileReference; lastKnownFileType = file; name = "sf-ui-display-regular.ttf"; path = "../src/fonts/sf-ui/sf-ui-display-regular.ttf"; sourceTree = "<group>"; };
		B1E52C001BDE4D1500F4D1AE /* sf-ui-display-semibold.ttf */ = {isa = PBXFileReference; lastKnownFileType = file; name = "sf-ui-display-semibold.ttf"; path = "../src/fonts/sf-ui/sf-ui-display-semibold.ttf"; sourceTree = "<group>"; };
		B1E52C011BDE4D1500F4D1AE /* sf-ui-display-thin.ttf */ = {isa = PBXFileReference; lastKnownFileType = file; name = "sf-ui-display-thin.ttf"; path = "../src/fonts/sf-ui/sf-ui-display-thin.ttf"; sourceTree = "<group>"; };
		B1E52C021BDE4D1500F4D1AE /* sf-ui-display-ultralight.ttf */ = {isa = PBXFileReference; lastKnownFileType = file; name = "sf-ui-display-ultralight.ttf"; path = "../src/fonts/sf-ui/sf-ui-display-ultralight.ttf"; sourceTree = "<group>"; };
		B1E52C031BDE4D1500F4D1AE /* sf-ui-text-bold.ttf */ = {isa = PBXFileReference; lastKnownFileType = file; name = "sf-ui-text-bold.ttf"; path = "../src/fonts/sf-ui/sf-ui-text-bold.ttf"; sourceTree = "<group>"; };
		B1E52C041BDE4D1500F4D1AE /* sf-ui-text-heavy.ttf */ = {isa = PBXFileReference; lastKnownFileType = file; name = "sf-ui-text-heavy.ttf"; path = "../src/fonts/sf-ui/sf-ui-text-heavy.ttf"; sourceTree = "<group>"; };
		B1E52C051BDE4D1500F4D1AE /* sf-ui-text-light.ttf */ = {isa = PBXFileReference; lastKnownFileType = file; name = "sf-ui-text-light.ttf"; path = "../src/fonts/sf-ui/sf-ui-text-light.ttf"; sourceTree = "<group>"; };
		B1E52C061BDE4D1500F4D1AE /* sf-ui-text-medium.ttf */ = {isa = PBXFileReference; lastKnownFileType = file; name = "sf-ui-text-medium.ttf"; path = "../src/fonts/sf-ui/sf-ui-text-medium.ttf"; sourceTree = "<group>"; };
		B1E52C071BDE4D1500F4D1AE /* sf-ui-text-regular.ttf */ = {isa = PBXFileReference; lastKnownFileType = file; name = "sf-ui-text-regular.ttf"; path = "../src/fonts/sf-ui/sf-ui-text-regular.ttf"; sourceTree = "<group>"; };
		B1E52C081BDE4D1500F4D1AE /* sf-ui-text-semibold.ttf */ = {isa = PBXFileReference; lastKnownFileType = file; name = "sf-ui-text-semibold.ttf"; path = "../src/fonts/sf-ui/sf-ui-text-semibold.ttf"; sourceTree = "<group>"; };
		B1E52C181BDE4FFA00F4D1AE /* Kakapo-Bridging-Header.h */ = {isa = PBXFileReference; lastKnownFileType = sourcecode.c.h; path = "Kakapo-Bridging-Header.h"; sourceTree = "<group>"; };
		B1E52C191BDE4FFB00F4D1AE /* AudioModule.m */ = {isa = PBXFileReference; fileEncoding = 4; lastKnownFileType = sourcecode.c.objc; name = AudioModule.m; path = KakapoNative/AudioModule.m; sourceTree = "<group>"; };
		B1E52C1A1BDE4FFB00F4D1AE /* AudioModule.swift */ = {isa = PBXFileReference; fileEncoding = 4; lastKnownFileType = sourcecode.swift; name = AudioModule.swift; path = KakapoNative/AudioModule.swift; sourceTree = "<group>"; };
		B1E52C781BDE58B000F4D1AE /* ReactNativeIcons.xcodeproj */ = {isa = PBXFileReference; lastKnownFileType = "wrapper.pb-project"; name = ReactNativeIcons.xcodeproj; path = "../node_modules/react-native-icons/ios/ReactNativeIcons.xcodeproj"; sourceTree = "<group>"; };
		B1E52C7F1BDE592C00F4D1AE /* Material-Design-Iconic-Font.ttf */ = {isa = PBXFileReference; lastKnownFileType = file; path = "Material-Design-Iconic-Font.ttf"; sourceTree = "<group>"; };
		B1E52C811BDE59B400F4D1AE /* KDSocialShare.h */ = {isa = PBXFileReference; fileEncoding = 4; lastKnownFileType = sourcecode.c.h; path = KDSocialShare.h; sourceTree = "<group>"; };
		B1E52C821BDE59B400F4D1AE /* KDSocialShare.m */ = {isa = PBXFileReference; fileEncoding = 4; lastKnownFileType = sourcecode.c.objc; path = KDSocialShare.m; sourceTree = "<group>"; };
		B1E52C841BDE59CD00F4D1AE /* Social.framework */ = {isa = PBXFileReference; lastKnownFileType = wrapper.framework; name = Social.framework; path = System/Library/Frameworks/Social.framework; sourceTree = SDKROOT; };
/* End PBXFileReference section */

/* Begin PBXFrameworksBuildPhase section */
		13B07F8C1A680F5B00A75B9A /* Frameworks */ = {
			isa = PBXFrameworksBuildPhase;
			buildActionMask = 2147483647;
			files = (
				B1E52C851BDE59CD00F4D1AE /* Social.framework in Frameworks */,
				B1DB096B1BE79B9F007D292C /* libRCTMaterialKit.a in Frameworks */,
				B1E52C7E1BDE58E200F4D1AE /* libReactNativeIcons.a in Frameworks */,
				146834051AC3E58100842450 /* libReact.a in Frameworks */,
				00C302E51ABCBA2D00DB3ED1 /* libRCTActionSheet.a in Frameworks */,
				00C302E71ABCBA2D00DB3ED1 /* libRCTGeolocation.a in Frameworks */,
				00C302E81ABCBA2D00DB3ED1 /* libRCTImage.a in Frameworks */,
				133E29F31AD74F7200F7D852 /* libRCTLinking.a in Frameworks */,
				00C302E91ABCBA2D00DB3ED1 /* libRCTNetwork.a in Frameworks */,
				139105C61AF99C1200B5F7CC /* libRCTSettings.a in Frameworks */,
				832341BD1AAA6AB300B99B32 /* libRCTText.a in Frameworks */,
				00C302EA1ABCBA2D00DB3ED1 /* libRCTVibration.a in Frameworks */,
				139FDEF61B0652A700C62182 /* libRCTWebSocket.a in Frameworks */,
			);
			runOnlyForDeploymentPostprocessing = 0;
		};
/* End PBXFrameworksBuildPhase section */

/* Begin PBXGroup section */
		00C302A81ABCB8CE00DB3ED1 /* Products */ = {
			isa = PBXGroup;
			children = (
				00C302AC1ABCB8CE00DB3ED1 /* libRCTActionSheet.a */,
			);
			name = Products;
			sourceTree = "<group>";
		};
		00C302B61ABCB90400DB3ED1 /* Products */ = {
			isa = PBXGroup;
			children = (
				00C302BA1ABCB90400DB3ED1 /* libRCTGeolocation.a */,
			);
			name = Products;
			sourceTree = "<group>";
		};
		00C302BC1ABCB91800DB3ED1 /* Products */ = {
			isa = PBXGroup;
			children = (
				00C302C01ABCB91800DB3ED1 /* libRCTImage.a */,
			);
			name = Products;
			sourceTree = "<group>";
		};
		00C302D41ABCB9D200DB3ED1 /* Products */ = {
			isa = PBXGroup;
			children = (
				00C302DC1ABCB9D200DB3ED1 /* libRCTNetwork.a */,
			);
			name = Products;
			sourceTree = "<group>";
		};
		00C302E01ABCB9EE00DB3ED1 /* Products */ = {
			isa = PBXGroup;
			children = (
				00C302E41ABCB9EE00DB3ED1 /* libRCTVibration.a */,
			);
			name = Products;
			sourceTree = "<group>";
		};
		139105B71AF99BAD00B5F7CC /* Products */ = {
			isa = PBXGroup;
			children = (
				139105C11AF99BAD00B5F7CC /* libRCTSettings.a */,
			);
			name = Products;
			sourceTree = "<group>";
		};
		139FDEE71B06529A00C62182 /* Products */ = {
			isa = PBXGroup;
			children = (
				139FDEF41B06529B00C62182 /* libRCTWebSocket.a */,
			);
			name = Products;
			sourceTree = "<group>";
		};
		13B07FAE1A68108700A75B9A /* Kakapo */ = {
			isa = PBXGroup;
			children = (
				B15EBA421BDEEE990083DFC3 /* LaunchImages-assets */,
				B1E52C451BDE567C00F4D1AE /* icons */,
				B1E52BEF1BDE4CFA00F4D1AE /* fonts */,
				B1E52C281BDE508100F4D1AE /* sounds */,
				008F07F21AC5B25A0029DE68 /* main.jsbundle */,
				13B07FAF1A68108700A75B9A /* AppDelegate.h */,
				13B07FB01A68108700A75B9A /* AppDelegate.m */,
				13B07FB51A68108700A75B9A /* Images.xcassets */,
				13B07FB61A68108700A75B9A /* Info.plist */,
				13B07FB11A68108700A75B9A /* LaunchScreen.xib */,
				13B07FB71A68108700A75B9A /* main.m */,
				B1E52C181BDE4FFA00F4D1AE /* Kakapo-Bridging-Header.h */,
				B1E52C191BDE4FFB00F4D1AE /* AudioModule.m */,
				B1E52C1A1BDE4FFB00F4D1AE /* AudioModule.swift */,
			);
			name = Kakapo;
			sourceTree = "<group>";
		};
		146834001AC3E56700842450 /* Products */ = {
			isa = PBXGroup;
			children = (
				146834041AC3E56700842450 /* libReact.a */,
			);
			name = Products;
			sourceTree = "<group>";
		};
		78C398B11ACF4ADC00677621 /* Products */ = {
			isa = PBXGroup;
			children = (
				78C398B91ACF4ADC00677621 /* libRCTLinking.a */,
			);
			name = Products;
			sourceTree = "<group>";
		};
		832341AE1AAA6A7D00B99B32 /* Libraries */ = {
			isa = PBXGroup;
			children = (
				B1E52C811BDE59B400F4D1AE /* KDSocialShare.h */,
				B1E52C821BDE59B400F4D1AE /* KDSocialShare.m */,
				B1DB09651BE79B8C007D292C /* RCTMaterialKit.xcodeproj */,
				B1E52C781BDE58B000F4D1AE /* ReactNativeIcons.xcodeproj */,
				146833FF1AC3E56700842450 /* React.xcodeproj */,
				00C302A71ABCB8CE00DB3ED1 /* RCTActionSheet.xcodeproj */,
				00C302B51ABCB90400DB3ED1 /* RCTGeolocation.xcodeproj */,
				00C302BB1ABCB91800DB3ED1 /* RCTImage.xcodeproj */,
				78C398B01ACF4ADC00677621 /* RCTLinking.xcodeproj */,
				00C302D31ABCB9D200DB3ED1 /* RCTNetwork.xcodeproj */,
				139105B61AF99BAD00B5F7CC /* RCTSettings.xcodeproj */,
				832341B01AAA6A8300B99B32 /* RCTText.xcodeproj */,
				00C302DF1ABCB9EE00DB3ED1 /* RCTVibration.xcodeproj */,
				139FDEE61B06529A00C62182 /* RCTWebSocket.xcodeproj */,
			);
			name = Libraries;
			sourceTree = "<group>";
		};
		832341B11AAA6A8300B99B32 /* Products */ = {
			isa = PBXGroup;
			children = (
				832341B51AAA6A8300B99B32 /* libRCTText.a */,
			);
			name = Products;
			sourceTree = "<group>";
		};
		83CBB9F61A601CBA00E9B192 = {
			isa = PBXGroup;
			children = (
				B1E52C841BDE59CD00F4D1AE /* Social.framework */,
				B1E52C7F1BDE592C00F4D1AE /* Material-Design-Iconic-Font.ttf */,
				13B07FAE1A68108700A75B9A /* Kakapo */,
				832341AE1AAA6A7D00B99B32 /* Libraries */,
				83CBBA001A601CBA00E9B192 /* Products */,
			);
			indentWidth = 2;
			sourceTree = "<group>";
			tabWidth = 2;
		};
		83CBBA001A601CBA00E9B192 /* Products */ = {
			isa = PBXGroup;
			children = (
				13B07F961A680F5B00A75B9A /* KakapoNative.app */,
			);
			name = Products;
			sourceTree = "<group>";
		};
		B15EBA421BDEEE990083DFC3 /* LaunchImages-assets */ = {
			isa = PBXGroup;
			children = (
				B1633BF41BEFD137005FB931 /* Default-375w-667h@2x.png */,
				B1633BF51BEFD137005FB931 /* Default-414w-736h-Landscape@3x.png */,
				B1633BF61BEFD137005FB931 /* Default-414w-736h@3x.png */,
				B1633BF71BEFD137005FB931 /* Default-568h@2x1.png */,
				B1633BF81BEFD137005FB931 /* Default.png */,
				B1633BF91BEFD137005FB931 /* Default@2x.png */,
			);
			name = "LaunchImages-assets";
			sourceTree = "<group>";
		};
		B1DB09661BE79B8C007D292C /* Products */ = {
			isa = PBXGroup;
			children = (
				B1DB096A1BE79B8C007D292C /* libRCTMaterialKit.a */,
			);
			name = Products;
			sourceTree = "<group>";
		};
		B1E52BEF1BDE4CFA00F4D1AE /* fonts */ = {
			isa = PBXGroup;
			children = (
				B1E52BFA1BDE4D1500F4D1AE /* sf-ui-display-black.ttf */,
				B1E52BFB1BDE4D1500F4D1AE /* sf-ui-display-bold.ttf */,
				B1E52BFC1BDE4D1500F4D1AE /* sf-ui-display-heavy.ttf */,
				B1E52BFD1BDE4D1500F4D1AE /* sf-ui-display-light.ttf */,
				B1E52BFE1BDE4D1500F4D1AE /* sf-ui-display-medium.ttf */,
				B1E52BFF1BDE4D1500F4D1AE /* sf-ui-display-regular.ttf */,
				B1E52C001BDE4D1500F4D1AE /* sf-ui-display-semibold.ttf */,
				B1E52C011BDE4D1500F4D1AE /* sf-ui-display-thin.ttf */,
				B1E52C021BDE4D1500F4D1AE /* sf-ui-display-ultralight.ttf */,
				B1E52C031BDE4D1500F4D1AE /* sf-ui-text-bold.ttf */,
				B1E52C041BDE4D1500F4D1AE /* sf-ui-text-heavy.ttf */,
				B1E52C051BDE4D1500F4D1AE /* sf-ui-text-light.ttf */,
				B1E52C061BDE4D1500F4D1AE /* sf-ui-text-medium.ttf */,
				B1E52C071BDE4D1500F4D1AE /* sf-ui-text-regular.ttf */,
				B1E52C081BDE4D1500F4D1AE /* sf-ui-text-semibold.ttf */,
			);
			name = fonts;
			sourceTree = "<group>";
		};
		B1E52C281BDE508100F4D1AE /* sounds */ = {
			isa = PBXGroup;
			children = (
				B181422E1C32197F00CBD385 /* birds.mp3 */,
				B181422F1C32197F00CBD385 /* bonfire.mp3 */,
				B18142301C32197F00CBD385 /* cafe.mp3 */,
				B18142311C32197F00CBD385 /* cat_purr.mp3 */,
				B18142321C32197F00CBD385 /* chimes.mp3 */,
				B18142331C32197F00CBD385 /* fan.mp3 */,
				B18142341C32197F00CBD385 /* leaves.mp3 */,
				B18142351C32197F00CBD385 /* paris_cafe.mp3 */,
				B18142361C32197F00CBD385 /* paris_street_corner.mp3 */,
				B18142371C32197F00CBD385 /* rain.mp3 */,
				B18142381C32197F00CBD385 /* stream.mp3 */,
				B18142391C32197F00CBD385 /* thunder.mp3 */,
				B181423A1C32197F00CBD385 /* train.mp3 */,
				B181423B1C32197F00CBD385 /* waves.mp3 */,
				B181423C1C32197F00CBD385 /* wind.mp3 */,
			);
			name = sounds;
			sourceTree = "<group>";
		};
		B1E52C451BDE567C00F4D1AE /* icons */ = {
			isa = PBXGroup;
			children = (
				B10D26211C2C052D00822E30 /* dark_birds.png */,
				B10D26221C2C052D00822E30 /* dark_bonfire.png */,
				B10D26231C2C052D00822E30 /* light_birds.png */,
				B10D26241C2C052D00822E30 /* light_bonfire.png */,
				B1633C281BEFD176005FB931 /* dark_cafe.png */,
				B1633C291BEFD176005FB931 /* dark_cat.png */,
				B1633C2A1BEFD176005FB931 /* dark_chimes.png */,
				B1633C2B1BEFD176005FB931 /* dark_fan.png */,
				B1633C2C1BEFD176005FB931 /* dark_leaves.png */,
				B1633C2D1BEFD176005FB931 /* dark_paris.png */,
				B1633C2E1BEFD176005FB931 /* dark_rain.png */,
				B1633C2F1BEFD176005FB931 /* dark_thunder.png */,
				B1633C301BEFD176005FB931 /* dark_train.png */,
				B1633C311BEFD176005FB931 /* dark_water.png */,
				B1633C321BEFD176005FB931 /* dark_waves.png */,
				B1633C331BEFD176005FB931 /* dark_wind.png */,
				B1633C341BEFD176005FB931 /* kakapo.png */,
				B1633C351BEFD176005FB931 /* light_cafe.png */,
				B1633C361BEFD176005FB931 /* light_cat.png */,
				B1633C371BEFD176005FB931 /* light_chimes.png */,
				B1633C381BEFD176005FB931 /* light_fan.png */,
				B1633C391BEFD176005FB931 /* light_leaves.png */,
				B1633C3A1BEFD176005FB931 /* light_paris.png */,
				B1633C3B1BEFD176005FB931 /* light_rain.png */,
				B1633C3C1BEFD176005FB931 /* light_thunder.png */,
				B1633C3D1BEFD176005FB931 /* light_train.png */,
				B1633C3E1BEFD176005FB931 /* light_water.png */,
				B1633C3F1BEFD176005FB931 /* light_waves.png */,
				B1633C401BEFD176005FB931 /* light_wind.png */,
			);
			name = icons;
			sourceTree = "<group>";
		};
		B1E52C791BDE58B000F4D1AE /* Products */ = {
			isa = PBXGroup;
			children = (
				B1E52C7D1BDE58B000F4D1AE /* libReactNativeIcons.a */,
			);
			name = Products;
			sourceTree = "<group>";
		};
/* End PBXGroup section */

/* Begin PBXNativeTarget section */
		13B07F861A680F5B00A75B9A /* Kakapo */ = {
			isa = PBXNativeTarget;
			buildConfigurationList = 13B07F931A680F5B00A75B9A /* Build configuration list for PBXNativeTarget "Kakapo" */;
			buildPhases = (
				13B07F871A680F5B00A75B9A /* Sources */,
				13B07F8C1A680F5B00A75B9A /* Frameworks */,
				13B07F8E1A680F5B00A75B9A /* Resources */,
			);
			buildRules = (
			);
			dependencies = (
			);
			name = Kakapo;
			productName = "Hello World";
			productReference = 13B07F961A680F5B00A75B9A /* KakapoNative.app */;
			productType = "com.apple.product-type.application";
		};
/* End PBXNativeTarget section */

/* Begin PBXProject section */
		83CBB9F71A601CBA00E9B192 /* Project object */ = {
			isa = PBXProject;
			attributes = {
				LastSwiftUpdateCheck = 0710;
				LastUpgradeCheck = 0710;
				ORGANIZATIONNAME = Supercerebral;
				TargetAttributes = {
					13B07F861A680F5B00A75B9A = {
						DevelopmentTeam = A6K3VKBW43;
						SystemCapabilities = {
							com.apple.BackgroundModes = {
								enabled = 1;
							};
						};
					};
				};
			};
			buildConfigurationList = 83CBB9FA1A601CBA00E9B192 /* Build configuration list for PBXProject "Kakapo" */;
			compatibilityVersion = "Xcode 3.2";
			developmentRegion = English;
			hasScannedForEncodings = 0;
			knownRegions = (
				en,
				Base,
			);
			mainGroup = 83CBB9F61A601CBA00E9B192;
			productRefGroup = 83CBBA001A601CBA00E9B192 /* Products */;
			projectDirPath = "";
			projectReferences = (
				{
					ProductGroup = 00C302A81ABCB8CE00DB3ED1 /* Products */;
					ProjectRef = 00C302A71ABCB8CE00DB3ED1 /* RCTActionSheet.xcodeproj */;
				},
				{
					ProductGroup = 00C302B61ABCB90400DB3ED1 /* Products */;
					ProjectRef = 00C302B51ABCB90400DB3ED1 /* RCTGeolocation.xcodeproj */;
				},
				{
					ProductGroup = 00C302BC1ABCB91800DB3ED1 /* Products */;
					ProjectRef = 00C302BB1ABCB91800DB3ED1 /* RCTImage.xcodeproj */;
				},
				{
					ProductGroup = 78C398B11ACF4ADC00677621 /* Products */;
					ProjectRef = 78C398B01ACF4ADC00677621 /* RCTLinking.xcodeproj */;
				},
				{
					ProductGroup = B1DB09661BE79B8C007D292C /* Products */;
					ProjectRef = B1DB09651BE79B8C007D292C /* RCTMaterialKit.xcodeproj */;
				},
				{
					ProductGroup = 00C302D41ABCB9D200DB3ED1 /* Products */;
					ProjectRef = 00C302D31ABCB9D200DB3ED1 /* RCTNetwork.xcodeproj */;
				},
				{
					ProductGroup = 139105B71AF99BAD00B5F7CC /* Products */;
					ProjectRef = 139105B61AF99BAD00B5F7CC /* RCTSettings.xcodeproj */;
				},
				{
					ProductGroup = 832341B11AAA6A8300B99B32 /* Products */;
					ProjectRef = 832341B01AAA6A8300B99B32 /* RCTText.xcodeproj */;
				},
				{
					ProductGroup = 00C302E01ABCB9EE00DB3ED1 /* Products */;
					ProjectRef = 00C302DF1ABCB9EE00DB3ED1 /* RCTVibration.xcodeproj */;
				},
				{
					ProductGroup = 139FDEE71B06529A00C62182 /* Products */;
					ProjectRef = 139FDEE61B06529A00C62182 /* RCTWebSocket.xcodeproj */;
				},
				{
					ProductGroup = 146834001AC3E56700842450 /* Products */;
					ProjectRef = 146833FF1AC3E56700842450 /* React.xcodeproj */;
				},
				{
					ProductGroup = B1E52C791BDE58B000F4D1AE /* Products */;
					ProjectRef = B1E52C781BDE58B000F4D1AE /* ReactNativeIcons.xcodeproj */;
				},
			);
			projectRoot = "";
			targets = (
				13B07F861A680F5B00A75B9A /* Kakapo */,
			);
		};
/* End PBXProject section */

/* Begin PBXReferenceProxy section */
		00C302AC1ABCB8CE00DB3ED1 /* libRCTActionSheet.a */ = {
			isa = PBXReferenceProxy;
			fileType = archive.ar;
			path = libRCTActionSheet.a;
			remoteRef = 00C302AB1ABCB8CE00DB3ED1 /* PBXContainerItemProxy */;
			sourceTree = BUILT_PRODUCTS_DIR;
		};
		00C302BA1ABCB90400DB3ED1 /* libRCTGeolocation.a */ = {
			isa = PBXReferenceProxy;
			fileType = archive.ar;
			path = libRCTGeolocation.a;
			remoteRef = 00C302B91ABCB90400DB3ED1 /* PBXContainerItemProxy */;
			sourceTree = BUILT_PRODUCTS_DIR;
		};
		00C302C01ABCB91800DB3ED1 /* libRCTImage.a */ = {
			isa = PBXReferenceProxy;
			fileType = archive.ar;
			path = libRCTImage.a;
			remoteRef = 00C302BF1ABCB91800DB3ED1 /* PBXContainerItemProxy */;
			sourceTree = BUILT_PRODUCTS_DIR;
		};
		00C302DC1ABCB9D200DB3ED1 /* libRCTNetwork.a */ = {
			isa = PBXReferenceProxy;
			fileType = archive.ar;
			path = libRCTNetwork.a;
			remoteRef = 00C302DB1ABCB9D200DB3ED1 /* PBXContainerItemProxy */;
			sourceTree = BUILT_PRODUCTS_DIR;
		};
		00C302E41ABCB9EE00DB3ED1 /* libRCTVibration.a */ = {
			isa = PBXReferenceProxy;
			fileType = archive.ar;
			path = libRCTVibration.a;
			remoteRef = 00C302E31ABCB9EE00DB3ED1 /* PBXContainerItemProxy */;
			sourceTree = BUILT_PRODUCTS_DIR;
		};
		139105C11AF99BAD00B5F7CC /* libRCTSettings.a */ = {
			isa = PBXReferenceProxy;
			fileType = archive.ar;
			path = libRCTSettings.a;
			remoteRef = 139105C01AF99BAD00B5F7CC /* PBXContainerItemProxy */;
			sourceTree = BUILT_PRODUCTS_DIR;
		};
		139FDEF41B06529B00C62182 /* libRCTWebSocket.a */ = {
			isa = PBXReferenceProxy;
			fileType = archive.ar;
			path = libRCTWebSocket.a;
			remoteRef = 139FDEF31B06529B00C62182 /* PBXContainerItemProxy */;
			sourceTree = BUILT_PRODUCTS_DIR;
		};
		146834041AC3E56700842450 /* libReact.a */ = {
			isa = PBXReferenceProxy;
			fileType = archive.ar;
			path = libReact.a;
			remoteRef = 146834031AC3E56700842450 /* PBXContainerItemProxy */;
			sourceTree = BUILT_PRODUCTS_DIR;
		};
		78C398B91ACF4ADC00677621 /* libRCTLinking.a */ = {
			isa = PBXReferenceProxy;
			fileType = archive.ar;
			path = libRCTLinking.a;
			remoteRef = 78C398B81ACF4ADC00677621 /* PBXContainerItemProxy */;
			sourceTree = BUILT_PRODUCTS_DIR;
		};
		832341B51AAA6A8300B99B32 /* libRCTText.a */ = {
			isa = PBXReferenceProxy;
			fileType = archive.ar;
			path = libRCTText.a;
			remoteRef = 832341B41AAA6A8300B99B32 /* PBXContainerItemProxy */;
			sourceTree = BUILT_PRODUCTS_DIR;
		};
		B1DB096A1BE79B8C007D292C /* libRCTMaterialKit.a */ = {
			isa = PBXReferenceProxy;
			fileType = archive.ar;
			path = libRCTMaterialKit.a;
			remoteRef = B1DB09691BE79B8C007D292C /* PBXContainerItemProxy */;
			sourceTree = BUILT_PRODUCTS_DIR;
		};
		B1E52C7D1BDE58B000F4D1AE /* libReactNativeIcons.a */ = {
			isa = PBXReferenceProxy;
			fileType = archive.ar;
			path = libReactNativeIcons.a;
			remoteRef = B1E52C7C1BDE58B000F4D1AE /* PBXContainerItemProxy */;
			sourceTree = BUILT_PRODUCTS_DIR;
		};
/* End PBXReferenceProxy section */

/* Begin PBXResourcesBuildPhase section */
		13B07F8E1A680F5B00A75B9A /* Resources */ = {
			isa = PBXResourcesBuildPhase;
			buildActionMask = 2147483647;
			files = (
				B1E52C801BDE592C00F4D1AE /* Material-Design-Iconic-Font.ttf in Resources */,
				B10D26271C2C052D00822E30 /* light_birds.png in Resources */,
				B1633C4E1BEFD176005FB931 /* light_cafe.png in Resources */,
				B1633C431BEFD176005FB931 /* dark_chimes.png in Resources */,
				B1E52C111BDE4D1500F4D1AE /* sf-ui-display-ultralight.ttf in Resources */,
				B1633C531BEFD176005FB931 /* light_paris.png in Resources */,
				B1E52C091BDE4D1500F4D1AE /* sf-ui-display-black.ttf in Resources */,
				B1633C4A1BEFD176005FB931 /* dark_water.png in Resources */,
				B1633C541BEFD176005FB931 /* light_rain.png in Resources */,
				B1E52C101BDE4D1500F4D1AE /* sf-ui-display-thin.ttf in Resources */,
				B1633BFF1BEFD137005FB931 /* Default@2x.png in Resources */,
				B18142451C32197F00CBD385 /* paris_street_corner.mp3 in Resources */,
				B1633BFE1BEFD137005FB931 /* Default.png in Resources */,
				B1E52C0F1BDE4D1500F4D1AE /* sf-ui-display-semibold.ttf in Resources */,
				B1E52C0D1BDE4D1500F4D1AE /* sf-ui-display-medium.ttf in Resources */,
				B1633C4F1BEFD176005FB931 /* light_cat.png in Resources */,
				B1633C421BEFD176005FB931 /* dark_cat.png in Resources */,
				B1E52C151BDE4D1500F4D1AE /* sf-ui-text-medium.ttf in Resources */,
				B181423F1C32197F00CBD385 /* cafe.mp3 in Resources */,
				B10D26281C2C052D00822E30 /* light_bonfire.png in Resources */,
				B1633C491BEFD176005FB931 /* dark_train.png in Resources */,
				B1633C481BEFD176005FB931 /* dark_thunder.png in Resources */,
				B1E52C0C1BDE4D1500F4D1AE /* sf-ui-display-light.ttf in Resources */,
				B1633C571BEFD176005FB931 /* light_water.png in Resources */,
				B1E52C141BDE4D1500F4D1AE /* sf-ui-text-light.ttf in Resources */,
				B1633C461BEFD176005FB931 /* dark_paris.png in Resources */,
				B1E52C131BDE4D1500F4D1AE /* sf-ui-text-heavy.ttf in Resources */,
				B1633C4D1BEFD176005FB931 /* kakapo.png in Resources */,
				B1633C441BEFD176005FB931 /* dark_fan.png in Resources */,
				B18142481C32197F00CBD385 /* thunder.mp3 in Resources */,
				B1E52C171BDE4D1500F4D1AE /* sf-ui-text-semibold.ttf in Resources */,
				008F07F31AC5B25A0029DE68 /* main.jsbundle in Resources */,
				B1E52C0A1BDE4D1500F4D1AE /* sf-ui-display-bold.ttf in Resources */,
				13B07FBF1A68108700A75B9A /* Images.xcassets in Resources */,
				B18142401C32197F00CBD385 /* cat_purr.mp3 in Resources */,
				B10D26261C2C052D00822E30 /* dark_bonfire.png in Resources */,
				B1633BFB1BEFD137005FB931 /* Default-414w-736h-Landscape@3x.png in Resources */,
				B181423D1C32197F00CBD385 /* birds.mp3 in Resources */,
				B1633C411BEFD176005FB931 /* dark_cafe.png in Resources */,
				B1E52C0B1BDE4D1500F4D1AE /* sf-ui-display-heavy.ttf in Resources */,
				B18142431C32197F00CBD385 /* leaves.mp3 in Resources */,
				B181424B1C32197F00CBD385 /* wind.mp3 in Resources */,
				B1633BFA1BEFD137005FB931 /* Default-375w-667h@2x.png in Resources */,
				B1E52C121BDE4D1500F4D1AE /* sf-ui-text-bold.ttf in Resources */,
				B1633C591BEFD176005FB931 /* light_wind.png in Resources */,
				B1633C581BEFD176005FB931 /* light_waves.png in Resources */,
				B1633C4C1BEFD176005FB931 /* dark_wind.png in Resources */,
				B1633C501BEFD176005FB931 /* light_chimes.png in Resources */,
				13B07FBD1A68108700A75B9A /* LaunchScreen.xib in Resources */,
				B1633BFC1BEFD137005FB931 /* Default-414w-736h@3x.png in Resources */,
				B18142461C32197F00CBD385 /* rain.mp3 in Resources */,
				B18142491C32197F00CBD385 /* train.mp3 in Resources */,
				B1633C521BEFD176005FB931 /* light_leaves.png in Resources */,
				B18142411C32197F00CBD385 /* chimes.mp3 in Resources */,
				B1633C551BEFD176005FB931 /* light_thunder.png in Resources */,
				B1633C4B1BEFD176005FB931 /* dark_waves.png in Resources */,
				B10D26251C2C052D00822E30 /* dark_birds.png in Resources */,
				B1633BFD1BEFD137005FB931 /* Default-568h@2x1.png in Resources */,
				B181424A1C32197F00CBD385 /* waves.mp3 in Resources */,
				B1E52C161BDE4D1500F4D1AE /* sf-ui-text-regular.ttf in Resources */,
				B1633C471BEFD176005FB931 /* dark_rain.png in Resources */,
				B18142421C32197F00CBD385 /* fan.mp3 in Resources */,
				B18142471C32197F00CBD385 /* stream.mp3 in Resources */,
				B1E52C0E1BDE4D1500F4D1AE /* sf-ui-display-regular.ttf in Resources */,
				B18142441C32197F00CBD385 /* paris_cafe.mp3 in Resources */,
				B1633C511BEFD176005FB931 /* light_fan.png in Resources */,
				B1633C561BEFD176005FB931 /* light_train.png in Resources */,
				B181423E1C32197F00CBD385 /* bonfire.mp3 in Resources */,
				B1633C451BEFD176005FB931 /* dark_leaves.png in Resources */,
			);
			runOnlyForDeploymentPostprocessing = 0;
		};
/* End PBXResourcesBuildPhase section */

/* Begin PBXSourcesBuildPhase section */
		13B07F871A680F5B00A75B9A /* Sources */ = {
			isa = PBXSourcesBuildPhase;
			buildActionMask = 2147483647;
			files = (
				B1E52C1B1BDE4FFB00F4D1AE /* AudioModule.m in Sources */,
				13B07FBC1A68108700A75B9A /* AppDelegate.m in Sources */,
				B1E52C831BDE59B400F4D1AE /* KDSocialShare.m in Sources */,
				B1E52C1C1BDE4FFB00F4D1AE /* AudioModule.swift in Sources */,
				13B07FC11A68108700A75B9A /* main.m in Sources */,
			);
			runOnlyForDeploymentPostprocessing = 0;
		};
/* End PBXSourcesBuildPhase section */

/* Begin PBXVariantGroup section */
		13B07FB11A68108700A75B9A /* LaunchScreen.xib */ = {
			isa = PBXVariantGroup;
			children = (
				13B07FB21A68108700A75B9A /* Base */,
			);
			name = LaunchScreen.xib;
			path = KakapoNative;
			sourceTree = "<group>";
		};
/* End PBXVariantGroup section */

/* Begin XCBuildConfiguration section */
		13B07F941A680F5B00A75B9A /* Debug */ = {
			isa = XCBuildConfiguration;
			buildSettings = {
				ASSETCATALOG_COMPILER_APPICON_NAME = AppIcon;
				ASSETCATALOG_COMPILER_LAUNCHIMAGE_NAME = "Brand Assets";
				CLANG_ENABLE_MODULES = YES;
				CODE_SIGN_IDENTITY = "iPhone Developer";
				DEAD_CODE_STRIPPING = NO;
				HEADER_SEARCH_PATHS = (
					"$(inherited)",
					/Applications/Xcode.app/Contents/Developer/Toolchains/XcodeDefault.xctoolchain/usr/include,
					"$(SRCROOT)/../node_modules/react-native/React/**",
				);
				INFOPLIST_FILE = KakapoNative/Info.plist;
				IPHONEOS_DEPLOYMENT_TARGET = 7.1;
				LD_RUNPATH_SEARCH_PATHS = "$(inherited) @executable_path/Frameworks";
				OTHER_LDFLAGS = "-ObjC";
				PRODUCT_BUNDLE_IDENTIFIER = com.supercerebral.kakapo;
				PRODUCT_NAME = KakapoNative;
				SWIFT_OBJC_BRIDGING_HEADER = "Kakapo-Bridging-Header.h";
				SWIFT_OPTIMIZATION_LEVEL = "-Onone";
			};
			name = Debug;
		};
		13B07F951A680F5B00A75B9A /* Release */ = {
			isa = XCBuildConfiguration;
			buildSettings = {
				ASSETCATALOG_COMPILER_APPICON_NAME = AppIcon;
				ASSETCATALOG_COMPILER_LAUNCHIMAGE_NAME = "Brand Assets";
				CLANG_ENABLE_MODULES = YES;
				CODE_SIGN_IDENTITY = "iPhone Developer";
				HEADER_SEARCH_PATHS = (
					"$(inherited)",
					/Applications/Xcode.app/Contents/Developer/Toolchains/XcodeDefault.xctoolchain/usr/include,
					"$(SRCROOT)/../node_modules/react-native/React/**",
				);
				INFOPLIST_FILE = KakapoNative/Info.plist;
				IPHONEOS_DEPLOYMENT_TARGET = 7.1;
				LD_RUNPATH_SEARCH_PATHS = "$(inherited) @executable_path/Frameworks";
				OTHER_LDFLAGS = "-ObjC";
				PRODUCT_BUNDLE_IDENTIFIER = com.supercerebral.kakapo;
				PRODUCT_NAME = KakapoNative;
				SWIFT_OBJC_BRIDGING_HEADER = "Kakapo-Bridging-Header.h";
			};
			name = Release;
		};
		83CBBA201A601CBA00E9B192 /* Debug */ = {
			isa = XCBuildConfiguration;
			buildSettings = {
				ALWAYS_SEARCH_USER_PATHS = NO;
				CLANG_CXX_LANGUAGE_STANDARD = "gnu++0x";
				CLANG_CXX_LIBRARY = "libc++";
				CLANG_ENABLE_MODULES = YES;
				CLANG_ENABLE_OBJC_ARC = YES;
				CLANG_WARN_BOOL_CONVERSION = YES;
				CLANG_WARN_CONSTANT_CONVERSION = YES;
				CLANG_WARN_DIRECT_OBJC_ISA_USAGE = YES_ERROR;
				CLANG_WARN_EMPTY_BODY = YES;
				CLANG_WARN_ENUM_CONVERSION = YES;
				CLANG_WARN_INT_CONVERSION = YES;
				CLANG_WARN_OBJC_ROOT_CLASS = YES_ERROR;
				CLANG_WARN_UNREACHABLE_CODE = YES;
				CLANG_WARN__DUPLICATE_METHOD_MATCH = YES;
				"CODE_SIGN_IDENTITY[sdk=iphoneos*]" = "iPhone Developer";
				COPY_PHASE_STRIP = NO;
				ENABLE_STRICT_OBJC_MSGSEND = YES;
				ENABLE_TESTABILITY = YES;
				GCC_C_LANGUAGE_STANDARD = gnu99;
				GCC_DYNAMIC_NO_PIC = NO;
				GCC_OPTIMIZATION_LEVEL = 0;
				GCC_PREPROCESSOR_DEFINITIONS = (
					"DEBUG=1",
					"$(inherited)",
				);
				GCC_SYMBOLS_PRIVATE_EXTERN = NO;
				GCC_WARN_64_TO_32_BIT_CONVERSION = YES;
				GCC_WARN_ABOUT_RETURN_TYPE = YES_ERROR;
				GCC_WARN_UNDECLARED_SELECTOR = YES;
				GCC_WARN_UNINITIALIZED_AUTOS = YES_AGGRESSIVE;
				GCC_WARN_UNUSED_FUNCTION = YES;
				GCC_WARN_UNUSED_VARIABLE = YES;
				HEADER_SEARCH_PATHS = (
					"$(inherited)",
					/Applications/Xcode.app/Contents/Developer/Toolchains/XcodeDefault.xctoolchain/usr/include,
					"$(SRCROOT)/../node_modules/react-native/React/**",
				);
				IPHONEOS_DEPLOYMENT_TARGET = 7.0;
				MTL_ENABLE_DEBUG_INFO = YES;
				ONLY_ACTIVE_ARCH = YES;
				PRODUCT_NAME = Kakapo;
				SDKROOT = iphoneos;
			};
			name = Debug;
		};
		83CBBA211A601CBA00E9B192 /* Release */ = {
			isa = XCBuildConfiguration;
			buildSettings = {
				ALWAYS_SEARCH_USER_PATHS = NO;
				CLANG_CXX_LANGUAGE_STANDARD = "gnu++0x";
				CLANG_CXX_LIBRARY = "libc++";
				CLANG_ENABLE_MODULES = YES;
				CLANG_ENABLE_OBJC_ARC = YES;
				CLANG_WARN_BOOL_CONVERSION = YES;
				CLANG_WARN_CONSTANT_CONVERSION = YES;
				CLANG_WARN_DIRECT_OBJC_ISA_USAGE = YES_ERROR;
				CLANG_WARN_EMPTY_BODY = YES;
				CLANG_WARN_ENUM_CONVERSION = YES;
				CLANG_WARN_INT_CONVERSION = YES;
				CLANG_WARN_OBJC_ROOT_CLASS = YES_ERROR;
				CLANG_WARN_UNREACHABLE_CODE = YES;
				CLANG_WARN__DUPLICATE_METHOD_MATCH = YES;
				"CODE_SIGN_IDENTITY[sdk=iphoneos*]" = "iPhone Developer";
				COPY_PHASE_STRIP = YES;
				ENABLE_NS_ASSERTIONS = NO;
				ENABLE_STRICT_OBJC_MSGSEND = YES;
				GCC_C_LANGUAGE_STANDARD = gnu99;
				GCC_WARN_64_TO_32_BIT_CONVERSION = YES;
				GCC_WARN_ABOUT_RETURN_TYPE = YES_ERROR;
				GCC_WARN_UNDECLARED_SELECTOR = YES;
				GCC_WARN_UNINITIALIZED_AUTOS = YES_AGGRESSIVE;
				GCC_WARN_UNUSED_FUNCTION = YES;
				GCC_WARN_UNUSED_VARIABLE = YES;
				HEADER_SEARCH_PATHS = (
					"$(inherited)",
					/Applications/Xcode.app/Contents/Developer/Toolchains/XcodeDefault.xctoolchain/usr/include,
					"$(SRCROOT)/../node_modules/react-native/React/**",
				);
				IPHONEOS_DEPLOYMENT_TARGET = 7.0;
				MTL_ENABLE_DEBUG_INFO = NO;
				PRODUCT_NAME = Kakapo;
				SDKROOT = iphoneos;
				VALIDATE_PRODUCT = YES;
			};
			name = Release;
		};
/* End XCBuildConfiguration section */

/* Begin XCConfigurationList section */
		13B07F931A680F5B00A75B9A /* Build configuration list for PBXNativeTarget "Kakapo" */ = {
			isa = XCConfigurationList;
			buildConfigurations = (
				13B07F941A680F5B00A75B9A /* Debug */,
				13B07F951A680F5B00A75B9A /* Release */,
			);
			defaultConfigurationIsVisible = 0;
			defaultConfigurationName = Release;
		};
		83CBB9FA1A601CBA00E9B192 /* Build configuration list for PBXProject "Kakapo" */ = {
			isa = XCConfigurationList;
			buildConfigurations = (
				83CBBA201A601CBA00E9B192 /* Debug */,
				83CBBA211A601CBA00E9B192 /* Release */,
			);
			defaultConfigurationIsVisible = 0;
			defaultConfigurationName = Release;
		};
/* End XCConfigurationList section */
	};
	rootObject = 83CBB9F71A601CBA00E9B192 /* Project object */;
}
